
Microsoft Visual Studio Solution File, Format Version 12.00
# Visual Studio Version 17
VisualStudioVersion = 17.3.32929.385
MinimumVisualStudioVersion = 10.0.40219.1
Project("{2150E333-8FDC-42A3-9474-1A3956D46DE8}") = ".root", ".root", "{3E2CFE92-C903-4F2A-897D-61D9EFC317C3}"
	ProjectSection(SolutionItems) = preProject
		.editorconfig = .editorconfig
		.gitattributes = .gitattributes
		.gitignore = .gitignore
		Directory.Build.props = Directory.Build.props
		LICENSE.txt = LICENSE.txt
	EndProjectSection
EndProject
Project("{2150E333-8FDC-42A3-9474-1A3956D46DE8}") = "2. Data", "2. Data", "{4B1A090F-70E0-45E0-BF5D-AA24D466D832}"
EndProject
Project("{9A19103F-16F7-4668-BE54-9A1E7A4F7556}") = "Scaffold", "Source\Scaffold\Scaffold.csproj", "{66D7AA25-71B5-4850-9CCD-A654A68C88AA}"
EndProject
Project("{9A19103F-16F7-4668-BE54-9A1E7A4F7556}") = "Database", "Source\Database\Database.csproj", "{127C6E14-FB6F-4440-946C-9AE7DD11AA7D}"
EndProject
Project("{2150E333-8FDC-42A3-9474-1A3956D46DE8}") = "1. Common", "1. Common", "{45105E3A-72BD-40F6-B496-EA688215E579}"
EndProject
Project("{2150E333-8FDC-42A3-9474-1A3956D46DE8}") = "3. Services", "3. Services", "{D9D65CE2-7C09-4C53-864E-A451F14EEE8C}"
EndProject
Project("{2150E333-8FDC-42A3-9474-1A3956D46DE8}") = "4. Test", "4. Test", "{9D035003-5D86-49A0-815F-873CFA7B13ED}"
EndProject
Project("{9A19103F-16F7-4668-BE54-9A1E7A4F7556}") = "Common", "Source\Common\Common.csproj", "{47717B6F-42D0-451B-835E-82313651616D}"
EndProject
Project("{9A19103F-16F7-4668-BE54-9A1E7A4F7556}") = "Admin", "Source\Admin\Admin.csproj", "{9433AF0F-7D5E-4787-904A-E2F599C4E347}"
EndProject
Project("{2150E333-8FDC-42A3-9474-1A3956D46DE8}") = "5. Web", "5. Web", "{FA66AD26-3DBA-402F-8BE6-CCC68A1541B5}"
EndProject
Project("{9A19103F-16F7-4668-BE54-9A1E7A4F7556}") = "Tests.Common", "Tests\Tests.Common\Tests.Common.csproj", "{7AC4207F-64E7-4CDE-9D4F-60FF30BCE29B}"
EndProject
Project("{9A19103F-16F7-4668-BE54-9A1E7A4F7556}") = "Tests.Admin", "Tests\Tests.Admin\Tests.Admin.csproj", "{CDF40965-F4D5-47DC-B1FC-819A9C2940BD}"
EndProject
Project("{9A19103F-16F7-4668-BE54-9A1E7A4F7556}") = "Web", "Source\Web\Web.csproj", "{4BFB7047-7CFC-48FD-BBF0-95979A04145B}"
EndProject
Global
	GlobalSection(SolutionConfigurationPlatforms) = preSolution
		Debug|Any CPU = Debug|Any CPU
		Release|Any CPU = Release|Any CPU
	EndGlobalSection
	GlobalSection(ProjectConfigurationPlatforms) = postSolution
		{66D7AA25-71B5-4850-9CCD-A654A68C88AA}.Debug|Any CPU.ActiveCfg = Debug|Any CPU
		{66D7AA25-71B5-4850-9CCD-A654A68C88AA}.Debug|Any CPU.Build.0 = Debug|Any CPU
		{66D7AA25-71B5-4850-9CCD-A654A68C88AA}.Release|Any CPU.ActiveCfg = Release|Any CPU
		{66D7AA25-71B5-4850-9CCD-A654A68C88AA}.Release|Any CPU.Build.0 = Release|Any CPU
		{127C6E14-FB6F-4440-946C-9AE7DD11AA7D}.Debug|Any CPU.ActiveCfg = Debug|Any CPU
		{127C6E14-FB6F-4440-946C-9AE7DD11AA7D}.Debug|Any CPU.Build.0 = Debug|Any CPU
		{127C6E14-FB6F-4440-946C-9AE7DD11AA7D}.Release|Any CPU.ActiveCfg = Release|Any CPU
		{127C6E14-FB6F-4440-946C-9AE7DD11AA7D}.Release|Any CPU.Build.0 = Release|Any CPU
		{47717B6F-42D0-451B-835E-82313651616D}.Debug|Any CPU.ActiveCfg = Debug|Any CPU
		{47717B6F-42D0-451B-835E-82313651616D}.Debug|Any CPU.Build.0 = Debug|Any CPU
		{47717B6F-42D0-451B-835E-82313651616D}.Release|Any CPU.ActiveCfg = Release|Any CPU
		{47717B6F-42D0-451B-835E-82313651616D}.Release|Any CPU.Build.0 = Release|Any CPU
		{9433AF0F-7D5E-4787-904A-E2F599C4E347}.Debug|Any CPU.ActiveCfg = Debug|Any CPU
		{9433AF0F-7D5E-4787-904A-E2F599C4E347}.Debug|Any CPU.Build.0 = Debug|Any CPU
		{9433AF0F-7D5E-4787-904A-E2F599C4E347}.Release|Any CPU.ActiveCfg = Release|Any CPU
		{9433AF0F-7D5E-4787-904A-E2F599C4E347}.Release|Any CPU.Build.0 = Release|Any CPU
		{7AC4207F-64E7-4CDE-9D4F-60FF30BCE29B}.Debug|Any CPU.ActiveCfg = Debug|Any CPU
		{7AC4207F-64E7-4CDE-9D4F-60FF30BCE29B}.Debug|Any CPU.Build.0 = Debug|Any CPU
		{7AC4207F-64E7-4CDE-9D4F-60FF30BCE29B}.Release|Any CPU.ActiveCfg = Release|Any CPU
		{7AC4207F-64E7-4CDE-9D4F-60FF30BCE29B}.Release|Any CPU.Build.0 = Release|Any CPU
		{CDF40965-F4D5-47DC-B1FC-819A9C2940BD}.Debug|Any CPU.ActiveCfg = Debug|Any CPU
		{CDF40965-F4D5-47DC-B1FC-819A9C2940BD}.Debug|Any CPU.Build.0 = Debug|Any CPU
		{CDF40965-F4D5-47DC-B1FC-819A9C2940BD}.Release|Any CPU.ActiveCfg = Release|Any CPU
		{CDF40965-F4D5-47DC-B1FC-819A9C2940BD}.Release|Any CPU.Build.0 = Release|Any CPU
		{4BFB7047-7CFC-48FD-BBF0-95979A04145B}.Debug|Any CPU.ActiveCfg = Debug|Any CPU
		{4BFB7047-7CFC-48FD-BBF0-95979A04145B}.Debug|Any CPU.Build.0 = Debug|Any CPU
		{4BFB7047-7CFC-48FD-BBF0-95979A04145B}.Release|Any CPU.ActiveCfg = Release|Any CPU
		{4BFB7047-7CFC-48FD-BBF0-95979A04145B}.Release|Any CPU.Build.0 = Release|Any CPU
	EndGlobalSection
	GlobalSection(SolutionProperties) = preSolution
		HideSolutionNode = FALSE
	EndGlobalSection
	GlobalSection(NestedProjects) = preSolution
		{66D7AA25-71B5-4850-9CCD-A654A68C88AA} = {4B1A090F-70E0-45E0-BF5D-AA24D466D832}
		{127C6E14-FB6F-4440-946C-9AE7DD11AA7D} = {4B1A090F-70E0-45E0-BF5D-AA24D466D832}
		{47717B6F-42D0-451B-835E-82313651616D} = {45105E3A-72BD-40F6-B496-EA688215E579}
		{9433AF0F-7D5E-4787-904A-E2F599C4E347} = {D9D65CE2-7C09-4C53-864E-A451F14EEE8C}
		{7AC4207F-64E7-4CDE-9D4F-60FF30BCE29B} = {9D035003-5D86-49A0-815F-873CFA7B13ED}
		{CDF40965-F4D5-47DC-B1FC-819A9C2940BD} = {9D035003-5D86-49A0-815F-873CFA7B13ED}
		{4BFB7047-7CFC-48FD-BBF0-95979A04145B} = {FA66AD26-3DBA-402F-8BE6-CCC68A1541B5}
	EndGlobalSection
	GlobalSection(ExtensibilityGlobals) = postSolution
		SolutionGuid = {4FED20DD-BAE7-46D5-ABA3-DBA071EA28B7}
	EndGlobalSection
EndGlobal
